
Microsoft Visual Studio Solution File, Format Version 12.00
# Visual Studio 15
VisualStudioVersion = 15.0.27130.2020
MinimumVisualStudioVersion = 10.0.40219.1
Project("{FAE04EC0-301F-11D3-BF4B-00C04F79EFBC}") = "PCSReports", "PCSReports\PCSReports.csproj", "{108D04AD-9644-4CFF-89EE-435A6AB6511F}"
EndProject
Global
	GlobalSection(SolutionConfigurationPlatforms) = preSolution
		Debug|Any CPU = Debug|Any CPU
		Release|Any CPU = Release|Any CPU
	EndGlobalSection
	GlobalSection(ProjectConfigurationPlatforms) = postSolution
		{108D04AD-9644-4CFF-89EE-435A6AB6511F}.Debug|Any CPU.ActiveCfg = Debug|Any CPU
		{108D04AD-9644-4CFF-89EE-435A6AB6511F}.Debug|Any CPU.Build.0 = Debug|Any CPU
		{108D04AD-9644-4CFF-89EE-435A6AB6511F}.Release|Any CPU.ActiveCfg = Release|Any CPU
		{108D04AD-9644-4CFF-89EE-435A6AB6511F}.Release|Any CPU.Build.0 = Release|Any CPU
	EndGlobalSection
	GlobalSection(SolutionProperties) = preSolution
		HideSolutionNode = FALSE
	EndGlobalSection
	GlobalSection(ExtensibilityGlobals) = postSolution
		SolutionGuid = {0053E04F-E92E-4EB9-BA53-C214AC02F84E}
	EndGlobalSection
EndGlobal
